
Microsoft Visual Studio Solution File, Format Version 12.00
# Visual Studio Version 17
VisualStudioVersion = 17.0.31903.59
MinimumVisualStudioVersion = 10.0.40219.1
Project("{FAE04EC0-301F-11D3-BF4B-00C04F79EFBC}") = "DoNotMock", "DoNotMock\DoNotMock.csproj", "{15602010-B4CD-45BE-B0EF-30FFF78C878F}"
EndProject
Project("{FAE04EC0-301F-11D3-BF4B-00C04F79EFBC}") = "DoNotMock.Analyzers", "DoNotMock.Analyzers\DoNotMock.Analyzers.csproj", "{6CC5D332-1005-4C75-8E44-F1C18CFE7533}"
EndProject
Global
	GlobalSection(SolutionConfigurationPlatforms) = preSolution
		Debug|Any CPU = Debug|Any CPU
		Release|Any CPU = Release|Any CPU
	EndGlobalSection
	GlobalSection(SolutionProperties) = preSolution
		HideSolutionNode = FALSE
	EndGlobalSection
	GlobalSection(ProjectConfigurationPlatforms) = postSolution
		{15602010-B4CD-45BE-B0EF-30FFF78C878F}.Debug|Any CPU.ActiveCfg = Debug|Any CPU
		{15602010-B4CD-45BE-B0EF-30FFF78C878F}.Debug|Any CPU.Build.0 = Debug|Any CPU
		{15602010-B4CD-45BE-B0EF-30FFF78C878F}.Release|Any CPU.ActiveCfg = Release|Any CPU
		{15602010-B4CD-45BE-B0EF-30FFF78C878F}.Release|Any CPU.Build.0 = Release|Any CPU
		{6CC5D332-1005-4C75-8E44-F1C18CFE7533}.Debug|Any CPU.ActiveCfg = Debug|Any CPU
		{6CC5D332-1005-4C75-8E44-F1C18CFE7533}.Debug|Any CPU.Build.0 = Debug|Any CPU
		{6CC5D332-1005-4C75-8E44-F1C18CFE7533}.Release|Any CPU.ActiveCfg = Release|Any CPU
		{6CC5D332-1005-4C75-8E44-F1C18CFE7533}.Release|Any CPU.Build.0 = Release|Any CPU
	EndGlobalSection
EndGlobal
